
Microsoft Visual Studio Solution File, Format Version 12.00
# Visual Studio Version 17
VisualStudioVersion = 17.7.34031.279
MinimumVisualStudioVersion = 10.0.40219.1
Project("{FAE04EC0-301F-11D3-BF4B-00C04F79EFBC}") = "snova", "snova\snova.csproj", "{28782191-69BD-4447-A36B-5C13B81234B7}"
EndProject
Global
	GlobalSection(SolutionConfigurationPlatforms) = preSolution
		Debug|Any CPU = Debug|Any CPU
		Release|Any CPU = Release|Any CPU
	EndGlobalSection
	GlobalSection(ProjectConfigurationPlatforms) = postSolution
		{28782191-69BD-4447-A36B-5C13B81234B7}.Debug|Any CPU.ActiveCfg = Debug|Any CPU
		{28782191-69BD-4447-A36B-5C13B81234B7}.Debug|Any CPU.Build.0 = Debug|Any CPU
		{28782191-69BD-4447-A36B-5C13B81234B7}.Release|Any CPU.ActiveCfg = Release|Any CPU
		{28782191-69BD-4447-A36B-5C13B81234B7}.Release|Any CPU.Build.0 = Release|Any CPU
	EndGlobalSection
	GlobalSection(SolutionProperties) = preSolution
		HideSolutionNode = FALSE
	EndGlobalSection
	GlobalSection(ExtensibilityGlobals) = postSolution
		SolutionGuid = {81B6E0D2-6269-4B35-A8B7-F3AA27203BF1}
	EndGlobalSection
EndGlobal
