
Microsoft Visual Studio Solution File, Format Version 12.00
# Visual Studio Version 17
VisualStudioVersion = 17.7.34031.279
MinimumVisualStudioVersion = 10.0.40219.1
Project("{FAE04EC0-301F-11D3-BF4B-00C04F79EFBC}") = "Labka3", "Labka3\Labka3.csproj", "{64460503-8031-4DAD-89FC-15CE6973BF2C}"
EndProject
Global
	GlobalSection(SolutionConfigurationPlatforms) = preSolution
		Debug|Any CPU = Debug|Any CPU
		Release|Any CPU = Release|Any CPU
	EndGlobalSection
	GlobalSection(ProjectConfigurationPlatforms) = postSolution
		{64460503-8031-4DAD-89FC-15CE6973BF2C}.Debug|Any CPU.ActiveCfg = Debug|Any CPU
		{64460503-8031-4DAD-89FC-15CE6973BF2C}.Debug|Any CPU.Build.0 = Debug|Any CPU
		{64460503-8031-4DAD-89FC-15CE6973BF2C}.Release|Any CPU.ActiveCfg = Release|Any CPU
		{64460503-8031-4DAD-89FC-15CE6973BF2C}.Release|Any CPU.Build.0 = Release|Any CPU
	EndGlobalSection
	GlobalSection(SolutionProperties) = preSolution
		HideSolutionNode = FALSE
	EndGlobalSection
	GlobalSection(ExtensibilityGlobals) = postSolution
		SolutionGuid = {3FE9FA27-2AC0-4310-9443-B5FDF3BB4773}
	EndGlobalSection
EndGlobal
